<?xml version="1.0" encoding="utf-8"?>
<Project ToolsVersion="4.0" xmlns="http://schemas.microsoft.com/developer/msbuild/2003">
  <ItemGroup>
    <Filter Include="Main">
      <UniqueIdentifier>{1249c116-688a-4c38-afbc-ba1d3365a07c}</UniqueIdentifier>
    </Filter>
    <Filter Include="Utils">
      <UniqueIdentifier>{a185c830-591d-4d46-8168-80456c50afbf}</UniqueIdentifier>
    </Filter>
    <Filter Include="Protocol">
      <UniqueIdentifier>{cf9f7182-c5ae-4d98-b9cd-6b81c96cd65e}</UniqueIdentifier>
    </Filter>
    <Filter Include="GameContents">
      <UniqueIdentifier>{f5ddda5d-a26e-4e37-9af4-b9f62d2c2a07}</UniqueIdentifier>
    </Filter>
    <Filter Include="DB">
      <UniqueIdentifier>{ecff08cf-9886-466e-870e-4a900adb03eb}</UniqueIdentifier>
    </Filter>
  </ItemGroup>
  <ItemGroup>
    <ClCompile Include="GameServer.cpp">
      <Filter>Main</Filter>
    </ClCompile>
    <ClCompile Include="pch.cpp">
      <Filter>Utils</Filter>
    </ClCompile>
    <ClCompile Include="GameSession.cpp">
      <Filter>Main</Filter>
    </ClCompile>
    <ClCompile Include="GameSessionManager.cpp">
      <Filter>Main</Filter>
    </ClCompile>
    <ClCompile Include="ClientPacketHandler.cpp">
      <Filter>Main</Filter>
    </ClCompile>
    <ClCompile Include="Protocol.pb.cc">
      <Filter>Protocol</Filter>
    </ClCompile>
    <ClCompile Include="Enum.pb.cc">
      <Filter>Protocol</Filter>
    </ClCompile>
    <ClCompile Include="Struct.pb.cc">
      <Filter>Protocol</Filter>
    </ClCompile>
    <ClCompile Include="Player.cpp">
      <Filter>GameContents</Filter>
    </ClCompile>
    <ClCompile Include="Room.cpp">
      <Filter>GameContents</Filter>
    </ClCompile>
    <ClCompile Include="AccountDB.cpp">
      <Filter>DB</Filter>
    </ClCompile>
    <ClCompile Include="RoomManager.cpp">
      <Filter>GameContents</Filter>
    </ClCompile>
    <ClCompile Include="InviteManager.cpp">
      <Filter>GameContents</Filter>
    </ClCompile>
    <ClCompile Include="AuthValidator.cpp">
      <Filter>Utils</Filter>
    </ClCompile>
    <ClCompile Include="item.cpp">
      <Filter>GameContents</Filter>
    </ClCompile>
    <ClCompile Include="ItemManager.cpp">
      <Filter>GameContents</Filter>
    </ClCompile>
    <ClCompile Include="GachaManager.cpp">
      <Filter>GameContents</Filter>
    </ClCompile>
    <ClCompile Include="DBCacheManager.cpp">
      <Filter>DB</Filter>
    </ClCompile>
    <ClCompile Include="StageManager.cpp">
      <Filter>GameContents</Filter>
    </ClCompile>
    <ClCompile Include="AdminSession.cpp">
      <Filter>Main</Filter>
    </ClCompile>
  </ItemGroup>
  <ItemGroup>
    <ClInclude Include="pch.h">
      <Filter>Utils</Filter>
    </ClInclude>
    <ClInclude Include="GameSession.h">
      <Filter>Main</Filter>
    </ClInclude>
    <ClInclude Include="GameSessionManager.h">
      <Filter>Main</Filter>
    </ClInclude>
    <ClInclude Include="ClientPacketHandler.h">
      <Filter>Main</Filter>
    </ClInclude>
    <ClInclude Include="Protocol.pb.h">
      <Filter>Protocol</Filter>
    </ClInclude>
    <ClInclude Include="Enum.pb.h">
      <Filter>Protocol</Filter>
    </ClInclude>
    <ClInclude Include="Struct.pb.h">
      <Filter>Protocol</Filter>
    </ClInclude>
    <ClInclude Include="Player.h">
      <Filter>GameContents</Filter>
    </ClInclude>
    <ClInclude Include="Room.h">
      <Filter>GameContents</Filter>
    </ClInclude>
    <ClInclude Include="AccountDB.h">
      <Filter>DB</Filter>
    </ClInclude>
    <ClInclude Include="RoomManager.h">
      <Filter>GameContents</Filter>
    </ClInclude>
    <ClInclude Include="InviteManager.h">
      <Filter>GameContents</Filter>
    </ClInclude>
    <ClInclude Include="AuthValidator.h">
      <Filter>Utils</Filter>
    </ClInclude>
    <ClInclude Include="PacketResult.h">
      <Filter>Utils</Filter>
    </ClInclude>
    <ClInclude Include="item.h">
      <Filter>GameContents</Filter>
    </ClInclude>
    <ClInclude Include="ItemManager.h">
      <Filter>GameContents</Filter>
    </ClInclude>
    <ClInclude Include="GachaManager.h">
      <Filter>GameContents</Filter>
    </ClInclude>
    <ClInclude Include="DBCacheManager.h">
      <Filter>DB</Filter>
    </ClInclude>
    <ClInclude Include="StageManager.h">
      <Filter>GameContents</Filter>
    </ClInclude>
    <ClInclude Include="AdminSession.h">
      <Filter>Main</Filter>
    </ClInclude>
  </ItemGroup>
  <ItemGroup>
    <None Include="..\Common\protoc-21.12-win64\bin\Protocol.proto">
      <Filter>Protocol</Filter>
    </None>
    <None Include="..\Common\protoc-21.12-win64\bin\Struct.proto">
      <Filter>Protocol</Filter>
    </None>
    <None Include="..\Common\protoc-21.12-win64\bin\Enum.proto">
      <Filter>Protocol</Filter>
    </None>
    <None Include="..\Common\protoc-21.12-win64\bin\GenPackets.bat">
      <Filter>Protocol</Filter>
    </None>
    <None Include="config.ini" />
    <None Include="config.example.ini" />
  </ItemGroup>
</Project>